
Microsoft Visual Studio Solution File, Format Version 12.00
Project("{FAE04EC0-301F-11D3-BF4B-00C04F79EFBC}") = "BSMultiDifficulty", "BSMultiDifficulty\BSMultiDifficulty.csproj", "{C2057779-C8D0-45D4-BE93-7130D2AE1A28}"
EndProject
Global
	GlobalSection(SolutionConfigurationPlatforms) = preSolution
		Debug|Any CPU = Debug|Any CPU
		Release|Any CPU = Release|Any CPU
	EndGlobalSection
	GlobalSection(ProjectConfigurationPlatforms) = postSolution
		{C2057779-C8D0-45D4-BE93-7130D2AE1A28}.Debug|Any CPU.ActiveCfg = Debug|Any CPU
		{C2057779-C8D0-45D4-BE93-7130D2AE1A28}.Debug|Any CPU.Build.0 = Debug|Any CPU
		{C2057779-C8D0-45D4-BE93-7130D2AE1A28}.Release|Any CPU.ActiveCfg = Release|Any CPU
		{C2057779-C8D0-45D4-BE93-7130D2AE1A28}.Release|Any CPU.Build.0 = Release|Any CPU
	EndGlobalSection
EndGlobal
